
Microsoft Visual Studio Solution File, Format Version 12.00
# Visual Studio 15
VisualStudioVersion = 15.0.27703.2042
MinimumVisualStudioVersion = 10.0.40219.1
Project("{FAE04EC0-301F-11D3-BF4B-00C04F79EFBC}") = "EfConsoleApplication", "EfConsoleApplication.csproj", "{36648198-C725-47D3-9785-B890E8D3C780}"
EndProject
Global
	GlobalSection(SolutionConfigurationPlatforms) = preSolution
		Debug|Any CPU = Debug|Any CPU
		Release|Any CPU = Release|Any CPU
	EndGlobalSection
	GlobalSection(ProjectConfigurationPlatforms) = postSolution
		{36648198-C725-47D3-9785-B890E8D3C780}.Debug|Any CPU.ActiveCfg = Debug|Any CPU
		{36648198-C725-47D3-9785-B890E8D3C780}.Debug|Any CPU.Build.0 = Debug|Any CPU
		{36648198-C725-47D3-9785-B890E8D3C780}.Release|Any CPU.ActiveCfg = Release|Any CPU
		{36648198-C725-47D3-9785-B890E8D3C780}.Release|Any CPU.Build.0 = Release|Any CPU
	EndGlobalSection
	GlobalSection(SolutionProperties) = preSolution
		HideSolutionNode = FALSE
	EndGlobalSection
	GlobalSection(ExtensibilityGlobals) = postSolution
		SolutionGuid = {86131119-EBE1-4490-B211-EE34F310C62E}
	EndGlobalSection
EndGlobal
